
Microsoft Visual Studio Solution File, Format Version 12.00
# Visual Studio 15
Project("{FAE04EC0-301F-11D3-BF4B-00C04F79EFBC}") = "Assembly-CSharp-Editor", "Assembly-CSharp-Editor.csproj", "{FDFBE979-6835-CEA4-72F6-6BDFEF85E1D0}"
EndProject
Project("{FAE04EC0-301F-11D3-BF4B-00C04F79EFBC}") = "Assembly-CSharp", "Assembly-CSharp.csproj", "{A005166A-2BDB-EE0A-D299-772B0AAEE2E2}"
EndProject
Global
	GlobalSection(SolutionConfigurationPlatforms) = preSolution
		Debug|Any CPU = Debug|Any CPU
		Release|Any CPU = Release|Any CPU
	EndGlobalSection
	GlobalSection(ProjectConfigurationPlatforms) = postSolution
		{FDFBE979-6835-CEA4-72F6-6BDFEF85E1D0}.Debug|Any CPU.ActiveCfg = Debug|Any CPU
		{FDFBE979-6835-CEA4-72F6-6BDFEF85E1D0}.Debug|Any CPU.Build.0 = Debug|Any CPU
		{FDFBE979-6835-CEA4-72F6-6BDFEF85E1D0}.Release|Any CPU.ActiveCfg = Release|Any CPU
		{FDFBE979-6835-CEA4-72F6-6BDFEF85E1D0}.Release|Any CPU.Build.0 = Release|Any CPU
		{A005166A-2BDB-EE0A-D299-772B0AAEE2E2}.Debug|Any CPU.ActiveCfg = Debug|Any CPU
		{A005166A-2BDB-EE0A-D299-772B0AAEE2E2}.Debug|Any CPU.Build.0 = Debug|Any CPU
		{A005166A-2BDB-EE0A-D299-772B0AAEE2E2}.Release|Any CPU.ActiveCfg = Release|Any CPU
		{A005166A-2BDB-EE0A-D299-772B0AAEE2E2}.Release|Any CPU.Build.0 = Release|Any CPU
	EndGlobalSection
	GlobalSection(SolutionProperties) = preSolution
		HideSolutionNode = FALSE
	EndGlobalSection
EndGlobal
